
Microsoft Visual Studio Solution File, Format Version 12.00
# Visual Studio 15
VisualStudioVersion = 15.0.28307.168
MinimumVisualStudioVersion = 10.0.40219.1
Project("{FAE04EC0-301F-11D3-BF4B-00C04F79EFBC}") = "UDEMY_ASPNET", "UDEMY_ASPNET\UDEMY_ASPNET.csproj", "{9ADA2A38-A0F6-4EC9-AE34-C6222F7384B8}"
EndProject
Global
	GlobalSection(SolutionConfigurationPlatforms) = preSolution
		Debug|Any CPU = Debug|Any CPU
		Release|Any CPU = Release|Any CPU
	EndGlobalSection
	GlobalSection(ProjectConfigurationPlatforms) = postSolution
		{9ADA2A38-A0F6-4EC9-AE34-C6222F7384B8}.Debug|Any CPU.ActiveCfg = Debug|Any CPU
		{9ADA2A38-A0F6-4EC9-AE34-C6222F7384B8}.Debug|Any CPU.Build.0 = Debug|Any CPU
		{9ADA2A38-A0F6-4EC9-AE34-C6222F7384B8}.Release|Any CPU.ActiveCfg = Release|Any CPU
		{9ADA2A38-A0F6-4EC9-AE34-C6222F7384B8}.Release|Any CPU.Build.0 = Release|Any CPU
	EndGlobalSection
	GlobalSection(SolutionProperties) = preSolution
		HideSolutionNode = FALSE
	EndGlobalSection
	GlobalSection(ExtensibilityGlobals) = postSolution
		SolutionGuid = {936F3A77-5942-4D5E-9D5C-9BE820505751}
	EndGlobalSection
EndGlobal
